
Microsoft Visual Studio Solution File, Format Version 12.00
# Visual Studio 15
VisualStudioVersion = 15.0.28307.757
MinimumVisualStudioVersion = 10.0.40219.1
Project("{FAE04EC0-301F-11D3-BF4B-00C04F79EFBC}") = "HikingPlus", "HikingPlus\HikingPlus.csproj", "{EE91DFA7-CBD3-4E54-A855-1756B3AFACD8}"
EndProject
Global
	GlobalSection(SolutionConfigurationPlatforms) = preSolution
		Debug|Any CPU = Debug|Any CPU
		Release|Any CPU = Release|Any CPU
	EndGlobalSection
	GlobalSection(ProjectConfigurationPlatforms) = postSolution
		{EE91DFA7-CBD3-4E54-A855-1756B3AFACD8}.Debug|Any CPU.ActiveCfg = Debug|Any CPU
		{EE91DFA7-CBD3-4E54-A855-1756B3AFACD8}.Debug|Any CPU.Build.0 = Debug|Any CPU
		{EE91DFA7-CBD3-4E54-A855-1756B3AFACD8}.Release|Any CPU.ActiveCfg = Release|Any CPU
		{EE91DFA7-CBD3-4E54-A855-1756B3AFACD8}.Release|Any CPU.Build.0 = Release|Any CPU
	EndGlobalSection
	GlobalSection(SolutionProperties) = preSolution
		HideSolutionNode = FALSE
	EndGlobalSection
	GlobalSection(ExtensibilityGlobals) = postSolution
		SolutionGuid = {C1EDB436-71B1-4CC0-BD3A-047A9C1C7C86}
	EndGlobalSection
EndGlobal
